
Microsoft Visual Studio Solution File, Format Version 12.00
# Visual Studio Version 17
VisualStudioVersion = 17.0.31903.59
MinimumVisualStudioVersion = 10.0.40219.1
Project("{F2A71F9B-5D33-465A-A702-920D77279786}") = "day-01-part-01", "day-01-part-01\day-01-part-01.fsproj", "{B2A5916C-B527-4AAC-8F8F-1CA7B023EC6B}"
EndProject
Project("{F2A71F9B-5D33-465A-A702-920D77279786}") = "day-01-part-02", "day-01-part-02\day-01-part-02.fsproj", "{9D45D31B-37A8-4CAF-9903-1ACC45935944}"
EndProject
Project("{F2A71F9B-5D33-465A-A702-920D77279786}") = "day-02-part-01", "day-02-part-01\day-02-part-01.fsproj", "{4CC24D29-44DF-4824-B646-C707BECADEAE}"
EndProject
Project("{F2A71F9B-5D33-465A-A702-920D77279786}") = "day-02-part-02", "day-02-part-02\day-02-part-02.fsproj", "{D2117FDE-BA8C-4D75-A273-D35F7DB06AD5}"
EndProject
Project("{F2A71F9B-5D33-465A-A702-920D77279786}") = "day-03-part-01", "day-03-part-01\day-03-part-01.fsproj", "{9B8F1E1F-E9DE-4F8C-A568-650E4E7BF41D}"
EndProject
Project("{F2A71F9B-5D33-465A-A702-920D77279786}") = "day-03-part-02", "day-03-part-02\day-03-part-02.fsproj", "{DE406D66-E8B2-44E6-8D1F-A99831004628}"
EndProject
Project("{F2A71F9B-5D33-465A-A702-920D77279786}") = "day-04-part-01", "day-04-part-01\day-04-part-01.fsproj", "{F4603826-A2A2-4D73-9B15-631C9F8D921D}"
EndProject
Project("{F2A71F9B-5D33-465A-A702-920D77279786}") = "day-04-part-02", "day-04-part-02\day-04-part-02.fsproj", "{8DCE33CC-AFC8-4FB8-8527-6C0FAFC1259C}"
EndProject
Project("{F2A71F9B-5D33-465A-A702-920D77279786}") = "day-05-part-01", "day-05-part-01\day-05-part-01.fsproj", "{03AC6934-C722-405B-97BA-2E39978782B6}"
EndProject
Project("{F2A71F9B-5D33-465A-A702-920D77279786}") = "day-05-part-02", "day-05-part-02\day-05-part-02.fsproj", "{22837651-F997-47D4-A7D3-1471CF8CA67E}"
EndProject
Project("{F2A71F9B-5D33-465A-A702-920D77279786}") = "day-06-part-01", "day-06-part-01\day-06-part-01.fsproj", "{82E6FCD7-A2E6-4A01-A20B-017F83A8FEA7}"
EndProject
Project("{F2A71F9B-5D33-465A-A702-920D77279786}") = "day-06-part-02", "day-06-part-02\day-06-part-02.fsproj", "{4FACAF8F-AE4B-4F04-9E7E-CCF8133F2607}"
EndProject
Project("{F2A71F9B-5D33-465A-A702-920D77279786}") = "day-07-part-01", "day-07-part-01\day-07-part-01.fsproj", "{25C7583A-720D-468D-AFA0-291C84E06622}"
EndProject
Project("{F2A71F9B-5D33-465A-A702-920D77279786}") = "day-07-part-02", "day-07-part-02\day-07-part-02.fsproj", "{E1B5203C-2ACE-450A-840B-FD41C425AFAA}"
EndProject
Project("{F2A71F9B-5D33-465A-A702-920D77279786}") = "day-08-part-01", "day-08-part-01\day-08-part-01.fsproj", "{8D66B72C-2E07-4EF6-89CD-305A0F8A186E}"
EndProject
Project("{F2A71F9B-5D33-465A-A702-920D77279786}") = "day-08-part-02", "day-08-part-02\day-08-part-02.fsproj", "{806F229A-A794-4D4A-A5A7-32EB7649D241}"
EndProject
Project("{FAE04EC0-301F-11D3-BF4B-00C04F79EFBC}") = "day-08-part-02-2", "day-08-part-02-attempt-02\day-08-part-02-2.csproj", "{2CFCEB43-C043-42BC-827B-B5F9BC18036B}"
EndProject
Project("{F2A71F9B-5D33-465A-A702-920D77279786}") = "day-08-part-02-attempt-03", "day-08-part-02-attempt-03\day-08-part-02-attempt-03.fsproj", "{60B53516-C7B6-4F7C-8562-F83360258674}"
EndProject
Project("{F2A71F9B-5D33-465A-A702-920D77279786}") = "day-09-part-01", "day-09-part-01\day-09-part-01.fsproj", "{19DFD1BF-4D06-4C66-BB9A-A019567F648A}"
EndProject
Project("{F2A71F9B-5D33-465A-A702-920D77279786}") = "day-09-part-02", "day-09-part-02\day-09-part-02.fsproj", "{893FEB77-CD43-4850-98F6-15086BDFA13E}"
EndProject
Project("{F2A71F9B-5D33-465A-A702-920D77279786}") = "day-10-part-01", "day-10-part-01\day-10-part-01.fsproj", "{0B49A53F-A0A4-4A56-95E5-8BE1171284DB}"
EndProject
Project("{F2A71F9B-5D33-465A-A702-920D77279786}") = "day-10-part-02", "day-10-part-02\day-10-part-02.fsproj", "{B6F89D15-732E-49ED-81C5-6D37DE0A8AB4}"
EndProject
Project("{F2A71F9B-5D33-465A-A702-920D77279786}") = "day-11-part-01", "day-11-part-01\day-11-part-01.fsproj", "{56D1CAB5-2A3E-4AE9-B694-30EA93A4A81A}"
EndProject
Project("{F2A71F9B-5D33-465A-A702-920D77279786}") = "day-11-part-02", "day-11-part-02\day-11-part-02.fsproj", "{0453E9D7-F81D-4E3C-87F6-27181053986B}"
EndProject
Project("{F2A71F9B-5D33-465A-A702-920D77279786}") = "day-12-part-01", "day-12-part-01\day-12-part-01.fsproj", "{54AB207D-1726-4EA3-952B-354E4EE870BA}"
EndProject
Project("{F2A71F9B-5D33-465A-A702-920D77279786}") = "day-12-part-02", "day-12-part-02\day-12-part-02.fsproj", "{0EAD5399-222B-4FC3-9480-3B111298CFD1}"
EndProject
Project("{F2A71F9B-5D33-465A-A702-920D77279786}") = "day-12-part-02-attempt-02", "day-12-part-02-attempt-02\day-12-part-02-attempt-02.fsproj", "{E2037017-7D79-422B-97F4-40E6AB556A45}"
EndProject
Project("{F2A71F9B-5D33-465A-A702-920D77279786}") = "day-13-part-01", "day-13-part-01\day-13-part-01.fsproj", "{E7370486-2ABA-48D3-B431-398324637237}"
EndProject
Project("{F2A71F9B-5D33-465A-A702-920D77279786}") = "day-13-part-02", "day-13-part-02\day-13-part-02.fsproj", "{E919AE50-E391-4708-88BF-3840F58ED04E}"
EndProject
Project("{F2A71F9B-5D33-465A-A702-920D77279786}") = "day-14-part-01", "day-14-part-01\day-14-part-01.fsproj", "{9D0D486B-C69E-401B-8AFA-DC9673AA9D9D}"
EndProject
Project("{F2A71F9B-5D33-465A-A702-920D77279786}") = "day-14-part-02", "day-14-part-02\day-14-part-02.fsproj", "{C898CD85-27D2-4DB6-AD7F-06FE76A3A752}"
EndProject
Project("{F2A71F9B-5D33-465A-A702-920D77279786}") = "day-15-part-01", "day-15-part-01\day-15-part-01.fsproj", "{2E951E60-44A9-4818-98D5-5360ECD7EED4}"
EndProject
Project("{F2A71F9B-5D33-465A-A702-920D77279786}") = "day-15-part-02", "day-15-part-02\day-15-part-02.fsproj", "{9FF4FC67-E4F4-405A-8B05-318121F9CF9A}"
EndProject
Project("{F2A71F9B-5D33-465A-A702-920D77279786}") = "day-16-part-01", "day-16-part-01\day-16-part-01.fsproj", "{75C31697-A258-414F-B4D0-68FB89FD46D5}"
EndProject
Project("{F2A71F9B-5D33-465A-A702-920D77279786}") = "day-16-part-02", "day-16-part-02\day-16-part-02.fsproj", "{FAB8E922-907B-4BA0-BEF0-A7B2F4044F7E}"
EndProject
Project("{F2A71F9B-5D33-465A-A702-920D77279786}") = "day-17-part-01", "day-17-part-01\day-17-part-01.fsproj", "{61D70E5D-E0B0-4825-9478-73BC45175EC4}"
EndProject
Project("{F2A71F9B-5D33-465A-A702-920D77279786}") = "day-17-part-01-attempt-02", "day-17-part-01-attempt-02\day-17-part-01-attempt-02.fsproj", "{68A25D0C-C86F-4D77-BBAB-EA9E49718C9F}"
EndProject
Project("{F2A71F9B-5D33-465A-A702-920D77279786}") = "day-18-part-01", "day-18-part-01\day-18-part-01.fsproj", "{799D7DF6-1815-487C-B442-1EDA4CB5EC4D}"
EndProject
Project("{F2A71F9B-5D33-465A-A702-920D77279786}") = "day-19-part-01", "day-19-part-01\day-19-part-01.fsproj", "{FB4D0D7D-C0EA-471C-A991-EADEBBB19446}"
EndProject
Project("{F2A71F9B-5D33-465A-A702-920D77279786}") = "day-18-part-02", "day-18-part-02\day-18-part-02.fsproj", "{D77AC421-954D-4275-8FF1-28AA1530F829}"
EndProject
Project("{F2A71F9B-5D33-465A-A702-920D77279786}") = "day-21-part-01", "day-21-part-01\day-21-part-01.fsproj", "{AF77B109-3934-44F1-A73B-EFCDA74BA063}"
EndProject
Project("{FAE04EC0-301F-11D3-BF4B-00C04F79EFBC}") = "day-20-part-01", "day-20-part-01\day-20-part-01.csproj", "{EFB659AF-191D-443A-8F1E-EAD7336483E1}"
EndProject
Project("{FAE04EC0-301F-11D3-BF4B-00C04F79EFBC}") = "day-20-part-02", "day-20-part-02\day-20-part-02.csproj", "{358E5E5E-2830-4466-9A5E-5B752D06ED7A}"
EndProject
Project("{F2A71F9B-5D33-465A-A702-920D77279786}") = "day-24-part-01", "day-24-part-01\day-24-part-01.fsproj", "{3F0F21B9-AAAE-439F-B26D-376CD3B4D1D1}"
EndProject
Global
	GlobalSection(SolutionConfigurationPlatforms) = preSolution
		Debug|Any CPU = Debug|Any CPU
		Release|Any CPU = Release|Any CPU
	EndGlobalSection
	GlobalSection(SolutionProperties) = preSolution
		HideSolutionNode = FALSE
	EndGlobalSection
	GlobalSection(ProjectConfigurationPlatforms) = postSolution
		{B2A5916C-B527-4AAC-8F8F-1CA7B023EC6B}.Debug|Any CPU.ActiveCfg = Debug|Any CPU
		{B2A5916C-B527-4AAC-8F8F-1CA7B023EC6B}.Debug|Any CPU.Build.0 = Debug|Any CPU
		{B2A5916C-B527-4AAC-8F8F-1CA7B023EC6B}.Release|Any CPU.ActiveCfg = Release|Any CPU
		{B2A5916C-B527-4AAC-8F8F-1CA7B023EC6B}.Release|Any CPU.Build.0 = Release|Any CPU
		{9D45D31B-37A8-4CAF-9903-1ACC45935944}.Debug|Any CPU.ActiveCfg = Debug|Any CPU
		{9D45D31B-37A8-4CAF-9903-1ACC45935944}.Debug|Any CPU.Build.0 = Debug|Any CPU
		{9D45D31B-37A8-4CAF-9903-1ACC45935944}.Release|Any CPU.ActiveCfg = Release|Any CPU
		{9D45D31B-37A8-4CAF-9903-1ACC45935944}.Release|Any CPU.Build.0 = Release|Any CPU
		{4CC24D29-44DF-4824-B646-C707BECADEAE}.Debug|Any CPU.ActiveCfg = Debug|Any CPU
		{4CC24D29-44DF-4824-B646-C707BECADEAE}.Debug|Any CPU.Build.0 = Debug|Any CPU
		{4CC24D29-44DF-4824-B646-C707BECADEAE}.Release|Any CPU.ActiveCfg = Release|Any CPU
		{4CC24D29-44DF-4824-B646-C707BECADEAE}.Release|Any CPU.Build.0 = Release|Any CPU
		{D2117FDE-BA8C-4D75-A273-D35F7DB06AD5}.Debug|Any CPU.ActiveCfg = Debug|Any CPU
		{D2117FDE-BA8C-4D75-A273-D35F7DB06AD5}.Debug|Any CPU.Build.0 = Debug|Any CPU
		{D2117FDE-BA8C-4D75-A273-D35F7DB06AD5}.Release|Any CPU.ActiveCfg = Release|Any CPU
		{D2117FDE-BA8C-4D75-A273-D35F7DB06AD5}.Release|Any CPU.Build.0 = Release|Any CPU
		{9B8F1E1F-E9DE-4F8C-A568-650E4E7BF41D}.Debug|Any CPU.ActiveCfg = Debug|Any CPU
		{9B8F1E1F-E9DE-4F8C-A568-650E4E7BF41D}.Debug|Any CPU.Build.0 = Debug|Any CPU
		{9B8F1E1F-E9DE-4F8C-A568-650E4E7BF41D}.Release|Any CPU.ActiveCfg = Release|Any CPU
		{9B8F1E1F-E9DE-4F8C-A568-650E4E7BF41D}.Release|Any CPU.Build.0 = Release|Any CPU
		{DE406D66-E8B2-44E6-8D1F-A99831004628}.Debug|Any CPU.ActiveCfg = Debug|Any CPU
		{DE406D66-E8B2-44E6-8D1F-A99831004628}.Debug|Any CPU.Build.0 = Debug|Any CPU
		{DE406D66-E8B2-44E6-8D1F-A99831004628}.Release|Any CPU.ActiveCfg = Release|Any CPU
		{DE406D66-E8B2-44E6-8D1F-A99831004628}.Release|Any CPU.Build.0 = Release|Any CPU
		{F4603826-A2A2-4D73-9B15-631C9F8D921D}.Debug|Any CPU.ActiveCfg = Debug|Any CPU
		{F4603826-A2A2-4D73-9B15-631C9F8D921D}.Debug|Any CPU.Build.0 = Debug|Any CPU
		{F4603826-A2A2-4D73-9B15-631C9F8D921D}.Release|Any CPU.ActiveCfg = Release|Any CPU
		{F4603826-A2A2-4D73-9B15-631C9F8D921D}.Release|Any CPU.Build.0 = Release|Any CPU
		{8DCE33CC-AFC8-4FB8-8527-6C0FAFC1259C}.Debug|Any CPU.ActiveCfg = Debug|Any CPU
		{8DCE33CC-AFC8-4FB8-8527-6C0FAFC1259C}.Debug|Any CPU.Build.0 = Debug|Any CPU
		{8DCE33CC-AFC8-4FB8-8527-6C0FAFC1259C}.Release|Any CPU.ActiveCfg = Release|Any CPU
		{8DCE33CC-AFC8-4FB8-8527-6C0FAFC1259C}.Release|Any CPU.Build.0 = Release|Any CPU
		{03AC6934-C722-405B-97BA-2E39978782B6}.Debug|Any CPU.ActiveCfg = Debug|Any CPU
		{03AC6934-C722-405B-97BA-2E39978782B6}.Debug|Any CPU.Build.0 = Debug|Any CPU
		{03AC6934-C722-405B-97BA-2E39978782B6}.Release|Any CPU.ActiveCfg = Release|Any CPU
		{03AC6934-C722-405B-97BA-2E39978782B6}.Release|Any CPU.Build.0 = Release|Any CPU
		{22837651-F997-47D4-A7D3-1471CF8CA67E}.Debug|Any CPU.ActiveCfg = Debug|Any CPU
		{22837651-F997-47D4-A7D3-1471CF8CA67E}.Debug|Any CPU.Build.0 = Debug|Any CPU
		{22837651-F997-47D4-A7D3-1471CF8CA67E}.Release|Any CPU.ActiveCfg = Release|Any CPU
		{22837651-F997-47D4-A7D3-1471CF8CA67E}.Release|Any CPU.Build.0 = Release|Any CPU
		{82E6FCD7-A2E6-4A01-A20B-017F83A8FEA7}.Debug|Any CPU.ActiveCfg = Debug|Any CPU
		{82E6FCD7-A2E6-4A01-A20B-017F83A8FEA7}.Debug|Any CPU.Build.0 = Debug|Any CPU
		{82E6FCD7-A2E6-4A01-A20B-017F83A8FEA7}.Release|Any CPU.ActiveCfg = Release|Any CPU
		{82E6FCD7-A2E6-4A01-A20B-017F83A8FEA7}.Release|Any CPU.Build.0 = Release|Any CPU
		{4FACAF8F-AE4B-4F04-9E7E-CCF8133F2607}.Debug|Any CPU.ActiveCfg = Debug|Any CPU
		{4FACAF8F-AE4B-4F04-9E7E-CCF8133F2607}.Debug|Any CPU.Build.0 = Debug|Any CPU
		{4FACAF8F-AE4B-4F04-9E7E-CCF8133F2607}.Release|Any CPU.ActiveCfg = Release|Any CPU
		{4FACAF8F-AE4B-4F04-9E7E-CCF8133F2607}.Release|Any CPU.Build.0 = Release|Any CPU
		{25C7583A-720D-468D-AFA0-291C84E06622}.Debug|Any CPU.ActiveCfg = Debug|Any CPU
		{25C7583A-720D-468D-AFA0-291C84E06622}.Debug|Any CPU.Build.0 = Debug|Any CPU
		{25C7583A-720D-468D-AFA0-291C84E06622}.Release|Any CPU.ActiveCfg = Release|Any CPU
		{25C7583A-720D-468D-AFA0-291C84E06622}.Release|Any CPU.Build.0 = Release|Any CPU
		{E1B5203C-2ACE-450A-840B-FD41C425AFAA}.Debug|Any CPU.ActiveCfg = Debug|Any CPU
		{E1B5203C-2ACE-450A-840B-FD41C425AFAA}.Debug|Any CPU.Build.0 = Debug|Any CPU
		{E1B5203C-2ACE-450A-840B-FD41C425AFAA}.Release|Any CPU.ActiveCfg = Release|Any CPU
		{E1B5203C-2ACE-450A-840B-FD41C425AFAA}.Release|Any CPU.Build.0 = Release|Any CPU
		{8D66B72C-2E07-4EF6-89CD-305A0F8A186E}.Debug|Any CPU.ActiveCfg = Debug|Any CPU
		{8D66B72C-2E07-4EF6-89CD-305A0F8A186E}.Debug|Any CPU.Build.0 = Debug|Any CPU
		{8D66B72C-2E07-4EF6-89CD-305A0F8A186E}.Release|Any CPU.ActiveCfg = Release|Any CPU
		{8D66B72C-2E07-4EF6-89CD-305A0F8A186E}.Release|Any CPU.Build.0 = Release|Any CPU
		{806F229A-A794-4D4A-A5A7-32EB7649D241}.Debug|Any CPU.ActiveCfg = Debug|Any CPU
		{806F229A-A794-4D4A-A5A7-32EB7649D241}.Debug|Any CPU.Build.0 = Debug|Any CPU
		{806F229A-A794-4D4A-A5A7-32EB7649D241}.Release|Any CPU.ActiveCfg = Release|Any CPU
		{806F229A-A794-4D4A-A5A7-32EB7649D241}.Release|Any CPU.Build.0 = Release|Any CPU
		{2CFCEB43-C043-42BC-827B-B5F9BC18036B}.Debug|Any CPU.ActiveCfg = Debug|Any CPU
		{2CFCEB43-C043-42BC-827B-B5F9BC18036B}.Debug|Any CPU.Build.0 = Debug|Any CPU
		{2CFCEB43-C043-42BC-827B-B5F9BC18036B}.Release|Any CPU.ActiveCfg = Release|Any CPU
		{2CFCEB43-C043-42BC-827B-B5F9BC18036B}.Release|Any CPU.Build.0 = Release|Any CPU
		{60B53516-C7B6-4F7C-8562-F83360258674}.Debug|Any CPU.ActiveCfg = Debug|Any CPU
		{60B53516-C7B6-4F7C-8562-F83360258674}.Debug|Any CPU.Build.0 = Debug|Any CPU
		{60B53516-C7B6-4F7C-8562-F83360258674}.Release|Any CPU.ActiveCfg = Release|Any CPU
		{60B53516-C7B6-4F7C-8562-F83360258674}.Release|Any CPU.Build.0 = Release|Any CPU
		{19DFD1BF-4D06-4C66-BB9A-A019567F648A}.Debug|Any CPU.ActiveCfg = Debug|Any CPU
		{19DFD1BF-4D06-4C66-BB9A-A019567F648A}.Debug|Any CPU.Build.0 = Debug|Any CPU
		{19DFD1BF-4D06-4C66-BB9A-A019567F648A}.Release|Any CPU.ActiveCfg = Release|Any CPU
		{19DFD1BF-4D06-4C66-BB9A-A019567F648A}.Release|Any CPU.Build.0 = Release|Any CPU
		{893FEB77-CD43-4850-98F6-15086BDFA13E}.Debug|Any CPU.ActiveCfg = Debug|Any CPU
		{893FEB77-CD43-4850-98F6-15086BDFA13E}.Debug|Any CPU.Build.0 = Debug|Any CPU
		{893FEB77-CD43-4850-98F6-15086BDFA13E}.Release|Any CPU.ActiveCfg = Release|Any CPU
		{893FEB77-CD43-4850-98F6-15086BDFA13E}.Release|Any CPU.Build.0 = Release|Any CPU
		{0B49A53F-A0A4-4A56-95E5-8BE1171284DB}.Debug|Any CPU.ActiveCfg = Debug|Any CPU
		{0B49A53F-A0A4-4A56-95E5-8BE1171284DB}.Debug|Any CPU.Build.0 = Debug|Any CPU
		{0B49A53F-A0A4-4A56-95E5-8BE1171284DB}.Release|Any CPU.ActiveCfg = Release|Any CPU
		{0B49A53F-A0A4-4A56-95E5-8BE1171284DB}.Release|Any CPU.Build.0 = Release|Any CPU
		{B6F89D15-732E-49ED-81C5-6D37DE0A8AB4}.Debug|Any CPU.ActiveCfg = Debug|Any CPU
		{B6F89D15-732E-49ED-81C5-6D37DE0A8AB4}.Debug|Any CPU.Build.0 = Debug|Any CPU
		{B6F89D15-732E-49ED-81C5-6D37DE0A8AB4}.Release|Any CPU.ActiveCfg = Release|Any CPU
		{B6F89D15-732E-49ED-81C5-6D37DE0A8AB4}.Release|Any CPU.Build.0 = Release|Any CPU
		{56D1CAB5-2A3E-4AE9-B694-30EA93A4A81A}.Debug|Any CPU.ActiveCfg = Debug|Any CPU
		{56D1CAB5-2A3E-4AE9-B694-30EA93A4A81A}.Debug|Any CPU.Build.0 = Debug|Any CPU
		{56D1CAB5-2A3E-4AE9-B694-30EA93A4A81A}.Release|Any CPU.ActiveCfg = Release|Any CPU
		{56D1CAB5-2A3E-4AE9-B694-30EA93A4A81A}.Release|Any CPU.Build.0 = Release|Any CPU
		{0453E9D7-F81D-4E3C-87F6-27181053986B}.Debug|Any CPU.ActiveCfg = Debug|Any CPU
		{0453E9D7-F81D-4E3C-87F6-27181053986B}.Debug|Any CPU.Build.0 = Debug|Any CPU
		{0453E9D7-F81D-4E3C-87F6-27181053986B}.Release|Any CPU.ActiveCfg = Release|Any CPU
		{0453E9D7-F81D-4E3C-87F6-27181053986B}.Release|Any CPU.Build.0 = Release|Any CPU
		{54AB207D-1726-4EA3-952B-354E4EE870BA}.Debug|Any CPU.ActiveCfg = Debug|Any CPU
		{54AB207D-1726-4EA3-952B-354E4EE870BA}.Debug|Any CPU.Build.0 = Debug|Any CPU
		{54AB207D-1726-4EA3-952B-354E4EE870BA}.Release|Any CPU.ActiveCfg = Release|Any CPU
		{54AB207D-1726-4EA3-952B-354E4EE870BA}.Release|Any CPU.Build.0 = Release|Any CPU
		{0EAD5399-222B-4FC3-9480-3B111298CFD1}.Debug|Any CPU.ActiveCfg = Debug|Any CPU
		{0EAD5399-222B-4FC3-9480-3B111298CFD1}.Debug|Any CPU.Build.0 = Debug|Any CPU
		{0EAD5399-222B-4FC3-9480-3B111298CFD1}.Release|Any CPU.ActiveCfg = Release|Any CPU
		{0EAD5399-222B-4FC3-9480-3B111298CFD1}.Release|Any CPU.Build.0 = Release|Any CPU
		{E2037017-7D79-422B-97F4-40E6AB556A45}.Debug|Any CPU.ActiveCfg = Debug|Any CPU
		{E2037017-7D79-422B-97F4-40E6AB556A45}.Debug|Any CPU.Build.0 = Debug|Any CPU
		{E2037017-7D79-422B-97F4-40E6AB556A45}.Release|Any CPU.ActiveCfg = Release|Any CPU
		{E2037017-7D79-422B-97F4-40E6AB556A45}.Release|Any CPU.Build.0 = Release|Any CPU
		{E7370486-2ABA-48D3-B431-398324637237}.Debug|Any CPU.ActiveCfg = Debug|Any CPU
		{E7370486-2ABA-48D3-B431-398324637237}.Debug|Any CPU.Build.0 = Debug|Any CPU
		{E7370486-2ABA-48D3-B431-398324637237}.Release|Any CPU.ActiveCfg = Release|Any CPU
		{E7370486-2ABA-48D3-B431-398324637237}.Release|Any CPU.Build.0 = Release|Any CPU
		{E919AE50-E391-4708-88BF-3840F58ED04E}.Debug|Any CPU.ActiveCfg = Debug|Any CPU
		{E919AE50-E391-4708-88BF-3840F58ED04E}.Debug|Any CPU.Build.0 = Debug|Any CPU
		{E919AE50-E391-4708-88BF-3840F58ED04E}.Release|Any CPU.ActiveCfg = Release|Any CPU
		{E919AE50-E391-4708-88BF-3840F58ED04E}.Release|Any CPU.Build.0 = Release|Any CPU
		{9D0D486B-C69E-401B-8AFA-DC9673AA9D9D}.Debug|Any CPU.ActiveCfg = Debug|Any CPU
		{9D0D486B-C69E-401B-8AFA-DC9673AA9D9D}.Debug|Any CPU.Build.0 = Debug|Any CPU
		{9D0D486B-C69E-401B-8AFA-DC9673AA9D9D}.Release|Any CPU.ActiveCfg = Release|Any CPU
		{9D0D486B-C69E-401B-8AFA-DC9673AA9D9D}.Release|Any CPU.Build.0 = Release|Any CPU
		{C898CD85-27D2-4DB6-AD7F-06FE76A3A752}.Debug|Any CPU.ActiveCfg = Debug|Any CPU
		{C898CD85-27D2-4DB6-AD7F-06FE76A3A752}.Debug|Any CPU.Build.0 = Debug|Any CPU
		{C898CD85-27D2-4DB6-AD7F-06FE76A3A752}.Release|Any CPU.ActiveCfg = Release|Any CPU
		{C898CD85-27D2-4DB6-AD7F-06FE76A3A752}.Release|Any CPU.Build.0 = Release|Any CPU
		{2E951E60-44A9-4818-98D5-5360ECD7EED4}.Debug|Any CPU.ActiveCfg = Debug|Any CPU
		{2E951E60-44A9-4818-98D5-5360ECD7EED4}.Debug|Any CPU.Build.0 = Debug|Any CPU
		{2E951E60-44A9-4818-98D5-5360ECD7EED4}.Release|Any CPU.ActiveCfg = Release|Any CPU
		{2E951E60-44A9-4818-98D5-5360ECD7EED4}.Release|Any CPU.Build.0 = Release|Any CPU
		{9FF4FC67-E4F4-405A-8B05-318121F9CF9A}.Debug|Any CPU.ActiveCfg = Debug|Any CPU
		{9FF4FC67-E4F4-405A-8B05-318121F9CF9A}.Debug|Any CPU.Build.0 = Debug|Any CPU
		{9FF4FC67-E4F4-405A-8B05-318121F9CF9A}.Release|Any CPU.ActiveCfg = Release|Any CPU
		{9FF4FC67-E4F4-405A-8B05-318121F9CF9A}.Release|Any CPU.Build.0 = Release|Any CPU
		{75C31697-A258-414F-B4D0-68FB89FD46D5}.Debug|Any CPU.ActiveCfg = Debug|Any CPU
		{75C31697-A258-414F-B4D0-68FB89FD46D5}.Debug|Any CPU.Build.0 = Debug|Any CPU
		{75C31697-A258-414F-B4D0-68FB89FD46D5}.Release|Any CPU.ActiveCfg = Release|Any CPU
		{75C31697-A258-414F-B4D0-68FB89FD46D5}.Release|Any CPU.Build.0 = Release|Any CPU
		{FAB8E922-907B-4BA0-BEF0-A7B2F4044F7E}.Debug|Any CPU.ActiveCfg = Debug|Any CPU
		{FAB8E922-907B-4BA0-BEF0-A7B2F4044F7E}.Debug|Any CPU.Build.0 = Debug|Any CPU
		{FAB8E922-907B-4BA0-BEF0-A7B2F4044F7E}.Release|Any CPU.ActiveCfg = Release|Any CPU
		{FAB8E922-907B-4BA0-BEF0-A7B2F4044F7E}.Release|Any CPU.Build.0 = Release|Any CPU
		{61D70E5D-E0B0-4825-9478-73BC45175EC4}.Debug|Any CPU.ActiveCfg = Debug|Any CPU
		{61D70E5D-E0B0-4825-9478-73BC45175EC4}.Debug|Any CPU.Build.0 = Debug|Any CPU
		{61D70E5D-E0B0-4825-9478-73BC45175EC4}.Release|Any CPU.ActiveCfg = Release|Any CPU
		{61D70E5D-E0B0-4825-9478-73BC45175EC4}.Release|Any CPU.Build.0 = Release|Any CPU
		{68A25D0C-C86F-4D77-BBAB-EA9E49718C9F}.Debug|Any CPU.ActiveCfg = Debug|Any CPU
		{68A25D0C-C86F-4D77-BBAB-EA9E49718C9F}.Debug|Any CPU.Build.0 = Debug|Any CPU
		{68A25D0C-C86F-4D77-BBAB-EA9E49718C9F}.Release|Any CPU.ActiveCfg = Release|Any CPU
		{68A25D0C-C86F-4D77-BBAB-EA9E49718C9F}.Release|Any CPU.Build.0 = Release|Any CPU
		{799D7DF6-1815-487C-B442-1EDA4CB5EC4D}.Debug|Any CPU.ActiveCfg = Debug|Any CPU
		{799D7DF6-1815-487C-B442-1EDA4CB5EC4D}.Debug|Any CPU.Build.0 = Debug|Any CPU
		{799D7DF6-1815-487C-B442-1EDA4CB5EC4D}.Release|Any CPU.ActiveCfg = Release|Any CPU
		{799D7DF6-1815-487C-B442-1EDA4CB5EC4D}.Release|Any CPU.Build.0 = Release|Any CPU
		{FB4D0D7D-C0EA-471C-A991-EADEBBB19446}.Debug|Any CPU.ActiveCfg = Debug|Any CPU
		{FB4D0D7D-C0EA-471C-A991-EADEBBB19446}.Debug|Any CPU.Build.0 = Debug|Any CPU
		{FB4D0D7D-C0EA-471C-A991-EADEBBB19446}.Release|Any CPU.ActiveCfg = Release|Any CPU
		{FB4D0D7D-C0EA-471C-A991-EADEBBB19446}.Release|Any CPU.Build.0 = Release|Any CPU
		{D77AC421-954D-4275-8FF1-28AA1530F829}.Debug|Any CPU.ActiveCfg = Debug|Any CPU
		{D77AC421-954D-4275-8FF1-28AA1530F829}.Debug|Any CPU.Build.0 = Debug|Any CPU
		{D77AC421-954D-4275-8FF1-28AA1530F829}.Release|Any CPU.ActiveCfg = Release|Any CPU
		{D77AC421-954D-4275-8FF1-28AA1530F829}.Release|Any CPU.Build.0 = Release|Any CPU
		{AF77B109-3934-44F1-A73B-EFCDA74BA063}.Debug|Any CPU.ActiveCfg = Debug|Any CPU
		{AF77B109-3934-44F1-A73B-EFCDA74BA063}.Debug|Any CPU.Build.0 = Debug|Any CPU
		{AF77B109-3934-44F1-A73B-EFCDA74BA063}.Release|Any CPU.ActiveCfg = Release|Any CPU
		{AF77B109-3934-44F1-A73B-EFCDA74BA063}.Release|Any CPU.Build.0 = Release|Any CPU
		{EFB659AF-191D-443A-8F1E-EAD7336483E1}.Debug|Any CPU.ActiveCfg = Debug|Any CPU
		{EFB659AF-191D-443A-8F1E-EAD7336483E1}.Debug|Any CPU.Build.0 = Debug|Any CPU
		{EFB659AF-191D-443A-8F1E-EAD7336483E1}.Release|Any CPU.ActiveCfg = Release|Any CPU
		{EFB659AF-191D-443A-8F1E-EAD7336483E1}.Release|Any CPU.Build.0 = Release|Any CPU
		{358E5E5E-2830-4466-9A5E-5B752D06ED7A}.Debug|Any CPU.ActiveCfg = Debug|Any CPU
		{358E5E5E-2830-4466-9A5E-5B752D06ED7A}.Debug|Any CPU.Build.0 = Debug|Any CPU
		{358E5E5E-2830-4466-9A5E-5B752D06ED7A}.Release|Any CPU.ActiveCfg = Release|Any CPU
		{358E5E5E-2830-4466-9A5E-5B752D06ED7A}.Release|Any CPU.Build.0 = Release|Any CPU
		{3F0F21B9-AAAE-439F-B26D-376CD3B4D1D1}.Debug|Any CPU.ActiveCfg = Debug|Any CPU
		{3F0F21B9-AAAE-439F-B26D-376CD3B4D1D1}.Debug|Any CPU.Build.0 = Debug|Any CPU
		{3F0F21B9-AAAE-439F-B26D-376CD3B4D1D1}.Release|Any CPU.ActiveCfg = Release|Any CPU
		{3F0F21B9-AAAE-439F-B26D-376CD3B4D1D1}.Release|Any CPU.Build.0 = Release|Any CPU
	EndGlobalSection
EndGlobal
