
Microsoft Visual Studio Solution File, Format Version 12.00
# Visual Studio Version 17
VisualStudioVersion = 17.0.31903.59
MinimumVisualStudioVersion = 10.0.40219.1
Project("{F2A71F9B-5D33-465A-A702-920D77279786}") = "day-01-part-01", "day-01-part-01\day-01-part-01.fsproj", "{B2A5916C-B527-4AAC-8F8F-1CA7B023EC6B}"
EndProject
Project("{F2A71F9B-5D33-465A-A702-920D77279786}") = "day-01-part-02", "day-01-part-02\day-01-part-02.fsproj", "{9D45D31B-37A8-4CAF-9903-1ACC45935944}"
EndProject
Project("{F2A71F9B-5D33-465A-A702-920D77279786}") = "day-02-part-01", "day-02-part-01\day-02-part-01.fsproj", "{4CC24D29-44DF-4824-B646-C707BECADEAE}"
EndProject
Project("{F2A71F9B-5D33-465A-A702-920D77279786}") = "day-02-part-02", "day-02-part-02\day-02-part-02.fsproj", "{D2117FDE-BA8C-4D75-A273-D35F7DB06AD5}"
EndProject
Project("{F2A71F9B-5D33-465A-A702-920D77279786}") = "day-03-part-01", "day-03-part-01\day-03-part-01.fsproj", "{9B8F1E1F-E9DE-4F8C-A568-650E4E7BF41D}"
EndProject
Project("{F2A71F9B-5D33-465A-A702-920D77279786}") = "day-03-part-02", "day-03-part-02\day-03-part-02.fsproj", "{DE406D66-E8B2-44E6-8D1F-A99831004628}"
EndProject
Project("{F2A71F9B-5D33-465A-A702-920D77279786}") = "day-04-part-01", "day-04-part-01\day-04-part-01.fsproj", "{F4603826-A2A2-4D73-9B15-631C9F8D921D}"
EndProject
Project("{F2A71F9B-5D33-465A-A702-920D77279786}") = "day-04-part-02", "day-04-part-02\day-04-part-02.fsproj", "{8DCE33CC-AFC8-4FB8-8527-6C0FAFC1259C}"
EndProject
Project("{F2A71F9B-5D33-465A-A702-920D77279786}") = "day-05-part-01", "day-05-part-01\day-05-part-01.fsproj", "{03AC6934-C722-405B-97BA-2E39978782B6}"
EndProject
Project("{F2A71F9B-5D33-465A-A702-920D77279786}") = "day-05-part-02", "day-05-part-02\day-05-part-02.fsproj", "{22837651-F997-47D4-A7D3-1471CF8CA67E}"
EndProject
Project("{F2A71F9B-5D33-465A-A702-920D77279786}") = "day-06-part-01", "day-06-part-01\day-06-part-01.fsproj", "{82E6FCD7-A2E6-4A01-A20B-017F83A8FEA7}"
EndProject
Project("{F2A71F9B-5D33-465A-A702-920D77279786}") = "day-06-part-02", "day-06-part-02\day-06-part-02.fsproj", "{4FACAF8F-AE4B-4F04-9E7E-CCF8133F2607}"
EndProject
Project("{F2A71F9B-5D33-465A-A702-920D77279786}") = "day-07-part-01", "day-07-part-01\day-07-part-01.fsproj", "{25C7583A-720D-468D-AFA0-291C84E06622}"
EndProject
Project("{F2A71F9B-5D33-465A-A702-920D77279786}") = "day-07-part-02", "day-07-part-02\day-07-part-02.fsproj", "{E1B5203C-2ACE-450A-840B-FD41C425AFAA}"
EndProject
Project("{F2A71F9B-5D33-465A-A702-920D77279786}") = "day-08-part-01", "day-08-part-01\day-08-part-01.fsproj", "{8D66B72C-2E07-4EF6-89CD-305A0F8A186E}"
EndProject
Project("{F2A71F9B-5D33-465A-A702-920D77279786}") = "day-08-part-02", "day-08-part-02\day-08-part-02.fsproj", "{806F229A-A794-4D4A-A5A7-32EB7649D241}"
EndProject
Project("{FAE04EC0-301F-11D3-BF4B-00C04F79EFBC}") = "day-08-part-02-2", "day-08-part-02-attempt-02\day-08-part-02-2.csproj", "{2CFCEB43-C043-42BC-827B-B5F9BC18036B}"
EndProject
Project("{F2A71F9B-5D33-465A-A702-920D77279786}") = "day-08-part-02-attempt-03", "day-08-part-02-attempt-03\day-08-part-02-attempt-03.fsproj", "{60B53516-C7B6-4F7C-8562-F83360258674}"
EndProject
Project("{F2A71F9B-5D33-465A-A702-920D77279786}") = "day-09-part-01", "day-09-part-01\day-09-part-01.fsproj", "{19DFD1BF-4D06-4C66-BB9A-A019567F648A}"
EndProject
Project("{F2A71F9B-5D33-465A-A702-920D77279786}") = "day-09-part-02", "day-09-part-02\day-09-part-02.fsproj", "{893FEB77-CD43-4850-98F6-15086BDFA13E}"
EndProject
Global
	GlobalSection(SolutionConfigurationPlatforms) = preSolution
		Debug|Any CPU = Debug|Any CPU
		Release|Any CPU = Release|Any CPU
	EndGlobalSection
	GlobalSection(SolutionProperties) = preSolution
		HideSolutionNode = FALSE
	EndGlobalSection
	GlobalSection(ProjectConfigurationPlatforms) = postSolution
		{B2A5916C-B527-4AAC-8F8F-1CA7B023EC6B}.Debug|Any CPU.ActiveCfg = Debug|Any CPU
		{B2A5916C-B527-4AAC-8F8F-1CA7B023EC6B}.Debug|Any CPU.Build.0 = Debug|Any CPU
		{B2A5916C-B527-4AAC-8F8F-1CA7B023EC6B}.Release|Any CPU.ActiveCfg = Release|Any CPU
		{B2A5916C-B527-4AAC-8F8F-1CA7B023EC6B}.Release|Any CPU.Build.0 = Release|Any CPU
		{9D45D31B-37A8-4CAF-9903-1ACC45935944}.Debug|Any CPU.ActiveCfg = Debug|Any CPU
		{9D45D31B-37A8-4CAF-9903-1ACC45935944}.Debug|Any CPU.Build.0 = Debug|Any CPU
		{9D45D31B-37A8-4CAF-9903-1ACC45935944}.Release|Any CPU.ActiveCfg = Release|Any CPU
		{9D45D31B-37A8-4CAF-9903-1ACC45935944}.Release|Any CPU.Build.0 = Release|Any CPU
		{4CC24D29-44DF-4824-B646-C707BECADEAE}.Debug|Any CPU.ActiveCfg = Debug|Any CPU
		{4CC24D29-44DF-4824-B646-C707BECADEAE}.Debug|Any CPU.Build.0 = Debug|Any CPU
		{4CC24D29-44DF-4824-B646-C707BECADEAE}.Release|Any CPU.ActiveCfg = Release|Any CPU
		{4CC24D29-44DF-4824-B646-C707BECADEAE}.Release|Any CPU.Build.0 = Release|Any CPU
		{D2117FDE-BA8C-4D75-A273-D35F7DB06AD5}.Debug|Any CPU.ActiveCfg = Debug|Any CPU
		{D2117FDE-BA8C-4D75-A273-D35F7DB06AD5}.Debug|Any CPU.Build.0 = Debug|Any CPU
		{D2117FDE-BA8C-4D75-A273-D35F7DB06AD5}.Release|Any CPU.ActiveCfg = Release|Any CPU
		{D2117FDE-BA8C-4D75-A273-D35F7DB06AD5}.Release|Any CPU.Build.0 = Release|Any CPU
		{9B8F1E1F-E9DE-4F8C-A568-650E4E7BF41D}.Debug|Any CPU.ActiveCfg = Debug|Any CPU
		{9B8F1E1F-E9DE-4F8C-A568-650E4E7BF41D}.Debug|Any CPU.Build.0 = Debug|Any CPU
		{9B8F1E1F-E9DE-4F8C-A568-650E4E7BF41D}.Release|Any CPU.ActiveCfg = Release|Any CPU
		{9B8F1E1F-E9DE-4F8C-A568-650E4E7BF41D}.Release|Any CPU.Build.0 = Release|Any CPU
		{DE406D66-E8B2-44E6-8D1F-A99831004628}.Debug|Any CPU.ActiveCfg = Debug|Any CPU
		{DE406D66-E8B2-44E6-8D1F-A99831004628}.Debug|Any CPU.Build.0 = Debug|Any CPU
		{DE406D66-E8B2-44E6-8D1F-A99831004628}.Release|Any CPU.ActiveCfg = Release|Any CPU
		{DE406D66-E8B2-44E6-8D1F-A99831004628}.Release|Any CPU.Build.0 = Release|Any CPU
		{F4603826-A2A2-4D73-9B15-631C9F8D921D}.Debug|Any CPU.ActiveCfg = Debug|Any CPU
		{F4603826-A2A2-4D73-9B15-631C9F8D921D}.Debug|Any CPU.Build.0 = Debug|Any CPU
		{F4603826-A2A2-4D73-9B15-631C9F8D921D}.Release|Any CPU.ActiveCfg = Release|Any CPU
		{F4603826-A2A2-4D73-9B15-631C9F8D921D}.Release|Any CPU.Build.0 = Release|Any CPU
		{8DCE33CC-AFC8-4FB8-8527-6C0FAFC1259C}.Debug|Any CPU.ActiveCfg = Debug|Any CPU
		{8DCE33CC-AFC8-4FB8-8527-6C0FAFC1259C}.Debug|Any CPU.Build.0 = Debug|Any CPU
		{8DCE33CC-AFC8-4FB8-8527-6C0FAFC1259C}.Release|Any CPU.ActiveCfg = Release|Any CPU
		{8DCE33CC-AFC8-4FB8-8527-6C0FAFC1259C}.Release|Any CPU.Build.0 = Release|Any CPU
		{03AC6934-C722-405B-97BA-2E39978782B6}.Debug|Any CPU.ActiveCfg = Debug|Any CPU
		{03AC6934-C722-405B-97BA-2E39978782B6}.Debug|Any CPU.Build.0 = Debug|Any CPU
		{03AC6934-C722-405B-97BA-2E39978782B6}.Release|Any CPU.ActiveCfg = Release|Any CPU
		{03AC6934-C722-405B-97BA-2E39978782B6}.Release|Any CPU.Build.0 = Release|Any CPU
		{22837651-F997-47D4-A7D3-1471CF8CA67E}.Debug|Any CPU.ActiveCfg = Debug|Any CPU
		{22837651-F997-47D4-A7D3-1471CF8CA67E}.Debug|Any CPU.Build.0 = Debug|Any CPU
		{22837651-F997-47D4-A7D3-1471CF8CA67E}.Release|Any CPU.ActiveCfg = Release|Any CPU
		{22837651-F997-47D4-A7D3-1471CF8CA67E}.Release|Any CPU.Build.0 = Release|Any CPU
		{82E6FCD7-A2E6-4A01-A20B-017F83A8FEA7}.Debug|Any CPU.ActiveCfg = Debug|Any CPU
		{82E6FCD7-A2E6-4A01-A20B-017F83A8FEA7}.Debug|Any CPU.Build.0 = Debug|Any CPU
		{82E6FCD7-A2E6-4A01-A20B-017F83A8FEA7}.Release|Any CPU.ActiveCfg = Release|Any CPU
		{82E6FCD7-A2E6-4A01-A20B-017F83A8FEA7}.Release|Any CPU.Build.0 = Release|Any CPU
		{4FACAF8F-AE4B-4F04-9E7E-CCF8133F2607}.Debug|Any CPU.ActiveCfg = Debug|Any CPU
		{4FACAF8F-AE4B-4F04-9E7E-CCF8133F2607}.Debug|Any CPU.Build.0 = Debug|Any CPU
		{4FACAF8F-AE4B-4F04-9E7E-CCF8133F2607}.Release|Any CPU.ActiveCfg = Release|Any CPU
		{4FACAF8F-AE4B-4F04-9E7E-CCF8133F2607}.Release|Any CPU.Build.0 = Release|Any CPU
		{25C7583A-720D-468D-AFA0-291C84E06622}.Debug|Any CPU.ActiveCfg = Debug|Any CPU
		{25C7583A-720D-468D-AFA0-291C84E06622}.Debug|Any CPU.Build.0 = Debug|Any CPU
		{25C7583A-720D-468D-AFA0-291C84E06622}.Release|Any CPU.ActiveCfg = Release|Any CPU
		{25C7583A-720D-468D-AFA0-291C84E06622}.Release|Any CPU.Build.0 = Release|Any CPU
		{E1B5203C-2ACE-450A-840B-FD41C425AFAA}.Debug|Any CPU.ActiveCfg = Debug|Any CPU
		{E1B5203C-2ACE-450A-840B-FD41C425AFAA}.Debug|Any CPU.Build.0 = Debug|Any CPU
		{E1B5203C-2ACE-450A-840B-FD41C425AFAA}.Release|Any CPU.ActiveCfg = Release|Any CPU
		{E1B5203C-2ACE-450A-840B-FD41C425AFAA}.Release|Any CPU.Build.0 = Release|Any CPU
		{8D66B72C-2E07-4EF6-89CD-305A0F8A186E}.Debug|Any CPU.ActiveCfg = Debug|Any CPU
		{8D66B72C-2E07-4EF6-89CD-305A0F8A186E}.Debug|Any CPU.Build.0 = Debug|Any CPU
		{8D66B72C-2E07-4EF6-89CD-305A0F8A186E}.Release|Any CPU.ActiveCfg = Release|Any CPU
		{8D66B72C-2E07-4EF6-89CD-305A0F8A186E}.Release|Any CPU.Build.0 = Release|Any CPU
		{806F229A-A794-4D4A-A5A7-32EB7649D241}.Debug|Any CPU.ActiveCfg = Debug|Any CPU
		{806F229A-A794-4D4A-A5A7-32EB7649D241}.Debug|Any CPU.Build.0 = Debug|Any CPU
		{806F229A-A794-4D4A-A5A7-32EB7649D241}.Release|Any CPU.ActiveCfg = Release|Any CPU
		{806F229A-A794-4D4A-A5A7-32EB7649D241}.Release|Any CPU.Build.0 = Release|Any CPU
		{2CFCEB43-C043-42BC-827B-B5F9BC18036B}.Debug|Any CPU.ActiveCfg = Debug|Any CPU
		{2CFCEB43-C043-42BC-827B-B5F9BC18036B}.Debug|Any CPU.Build.0 = Debug|Any CPU
		{2CFCEB43-C043-42BC-827B-B5F9BC18036B}.Release|Any CPU.ActiveCfg = Release|Any CPU
		{2CFCEB43-C043-42BC-827B-B5F9BC18036B}.Release|Any CPU.Build.0 = Release|Any CPU
		{60B53516-C7B6-4F7C-8562-F83360258674}.Debug|Any CPU.ActiveCfg = Debug|Any CPU
		{60B53516-C7B6-4F7C-8562-F83360258674}.Debug|Any CPU.Build.0 = Debug|Any CPU
		{60B53516-C7B6-4F7C-8562-F83360258674}.Release|Any CPU.ActiveCfg = Release|Any CPU
		{60B53516-C7B6-4F7C-8562-F83360258674}.Release|Any CPU.Build.0 = Release|Any CPU
		{19DFD1BF-4D06-4C66-BB9A-A019567F648A}.Debug|Any CPU.ActiveCfg = Debug|Any CPU
		{19DFD1BF-4D06-4C66-BB9A-A019567F648A}.Debug|Any CPU.Build.0 = Debug|Any CPU
		{19DFD1BF-4D06-4C66-BB9A-A019567F648A}.Release|Any CPU.ActiveCfg = Release|Any CPU
		{19DFD1BF-4D06-4C66-BB9A-A019567F648A}.Release|Any CPU.Build.0 = Release|Any CPU
		{893FEB77-CD43-4850-98F6-15086BDFA13E}.Debug|Any CPU.ActiveCfg = Debug|Any CPU
		{893FEB77-CD43-4850-98F6-15086BDFA13E}.Debug|Any CPU.Build.0 = Debug|Any CPU
		{893FEB77-CD43-4850-98F6-15086BDFA13E}.Release|Any CPU.ActiveCfg = Release|Any CPU
		{893FEB77-CD43-4850-98F6-15086BDFA13E}.Release|Any CPU.Build.0 = Release|Any CPU
	EndGlobalSection
EndGlobal
